// !$*UTF8*$!
{
	archiveVersion = 1;
	classes = {
	};
	objectVersion = 56;
	objects = {

/* Begin PBXBuildFile section */
		0B1595172B5CC6850065B5E8 /* QuizPlayerModels.swift in Sources */ = {isa = PBXBuildFile; fileRef = 0B1595162B5CC6850065B5E8 /* QuizPlayerModels.swift */; };
		0B5C68462B6A092F0062807A /* QuizView.swift in Sources */ = {isa = PBXBuildFile; fileRef = 0B5C68452B6A092F0062807A /* QuizView.swift */; };
		0B61C7092B5E9A5A00F3E088 /* QuizPlayer.swift in Sources */ = {isa = PBXBuildFile; fileRef = 0B61C7082B5E9A5A00F3E088 /* QuizPlayer.swift */; };
		0B6C60332B6C2D3700AF3E27 /* FeaturedItems.swift in Sources */ = {isa = PBXBuildFile; fileRef = 0B6C60322B6C2D3700AF3E27 /* FeaturedItems.swift */; };
		0B890F552B596D61009C7FA6 /* AUdio_Quiz_BetaApp.swift in Sources */ = {isa = PBXBuildFile; fileRef = 0B890F542B596D61009C7FA6 /* AUdio_Quiz_BetaApp.swift */; };
		0B890F572B596D61009C7FA6 /* ContentView.swift in Sources */ = {isa = PBXBuildFile; fileRef = 0B890F562B596D61009C7FA6 /* ContentView.swift */; };
		0B890F5B2B596D63009C7FA6 /* Assets.xcassets in Resources */ = {isa = PBXBuildFile; fileRef = 0B890F5A2B596D63009C7FA6 /* Assets.xcassets */; };
		0B890F5E2B596D63009C7FA6 /* Preview Assets.xcassets in Resources */ = {isa = PBXBuildFile; fileRef = 0B890F5D2B596D63009C7FA6 /* Preview Assets.xcassets */; };
		0B890F682B596D64009C7FA6 /* AUdio_Quiz_BetaTests.swift in Sources */ = {isa = PBXBuildFile; fileRef = 0B890F672B596D64009C7FA6 /* AUdio_Quiz_BetaTests.swift */; };
		0B890F722B596D64009C7FA6 /* AUdio_Quiz_BetaUITests.swift in Sources */ = {isa = PBXBuildFile; fileRef = 0B890F712B596D64009C7FA6 /* AUdio_Quiz_BetaUITests.swift */; };
		0B890F742B596D64009C7FA6 /* AUdio_Quiz_BetaUITestsLaunchTests.swift in Sources */ = {isa = PBXBuildFile; fileRef = 0B890F732B596D64009C7FA6 /* AUdio_Quiz_BetaUITestsLaunchTests.swift */; };
		0B890F812B596F5A009C7FA6 /* PlayerContentInfo.swift in Sources */ = {isa = PBXBuildFile; fileRef = 0B890F802B596F5A009C7FA6 /* PlayerContentInfo.swift */; };
		0B890F892B596F7F009C7FA6 /* Extensions.swift in Sources */ = {isa = PBXBuildFile; fileRef = 0B890F882B596F7F009C7FA6 /* Extensions.swift */; };
		0B890F8A2B596F7F009C7FA6 /* Extensions.swift in Sources */ = {isa = PBXBuildFile; fileRef = 0B890F882B596F7F009C7FA6 /* Extensions.swift */; };
		0B890F8B2B596F7F009C7FA6 /* Extensions.swift in Sources */ = {isa = PBXBuildFile; fileRef = 0B890F882B596F7F009C7FA6 /* Extensions.swift */; };
		0B890F912B596F94009C7FA6 /* LaunchScreen.swift in Sources */ = {isa = PBXBuildFile; fileRef = 0B890F8D2B596F94009C7FA6 /* LaunchScreen.swift */; };
		0B890F922B596F94009C7FA6 /* LaunchScreen.swift in Sources */ = {isa = PBXBuildFile; fileRef = 0B890F8D2B596F94009C7FA6 /* LaunchScreen.swift */; };
		0B890F932B596F94009C7FA6 /* LaunchScreen.swift in Sources */ = {isa = PBXBuildFile; fileRef = 0B890F8D2B596F94009C7FA6 /* LaunchScreen.swift */; };
		0B890F952B596FB6009C7FA6 /* HomeView.swift in Sources */ = {isa = PBXBuildFile; fileRef = 0B890F942B596FB6009C7FA6 /* HomeView.swift */; };
		0B890F962B596FB6009C7FA6 /* HomeView.swift in Sources */ = {isa = PBXBuildFile; fileRef = 0B890F942B596FB6009C7FA6 /* HomeView.swift */; };
		0B890F972B596FB6009C7FA6 /* HomeView.swift in Sources */ = {isa = PBXBuildFile; fileRef = 0B890F942B596FB6009C7FA6 /* HomeView.swift */; };
		0B890F9A2B59739C009C7FA6 /* NetworkService.swift in Sources */ = {isa = PBXBuildFile; fileRef = 0B890F992B59739C009C7FA6 /* NetworkService.swift */; };
		0B890F9B2B59739C009C7FA6 /* NetworkService.swift in Sources */ = {isa = PBXBuildFile; fileRef = 0B890F992B59739C009C7FA6 /* NetworkService.swift */; };
		0B890FA02B597520009C7FA6 /* SwiftData.swift in Sources */ = {isa = PBXBuildFile; fileRef = 0B890F9F2B597520009C7FA6 /* SwiftData.swift */; };
		0B890FA22B5975D1009C7FA6 /* DatabaseService.swift in Sources */ = {isa = PBXBuildFile; fileRef = 0B890FA12B5975D1009C7FA6 /* DatabaseService.swift */; };
		0B890FA52B59773D009C7FA6 /* TopicNotes.swift in Sources */ = {isa = PBXBuildFile; fileRef = 0B890FA42B59773D009C7FA6 /* TopicNotes.swift */; };
		0B890FAA2B5978AD009C7FA6 /* TopicsListView.swift in Sources */ = {isa = PBXBuildFile; fileRef = 0B890FA92B5978AD009C7FA6 /* TopicsListView.swift */; };
		0B890FAC2B597A56009C7FA6 /* TopicDetailsView.swift in Sources */ = {isa = PBXBuildFile; fileRef = 0B890FAB2B597A56009C7FA6 /* TopicDetailsView.swift */; };
		0B890FB32B5990DD009C7FA6 /* DebugLogger.swift in Sources */ = {isa = PBXBuildFile; fileRef = 0B890FB22B5990DD009C7FA6 /* DebugLogger.swift */; };
		0B890FB52B5996C7009C7FA6 /* Config.swift in Sources */ = {isa = PBXBuildFile; fileRef = 0B890FB42B5996C7009C7FA6 /* Config.swift */; };
		0B890FB72B59979F009C7FA6 /* UserDefaultManager.swift in Sources */ = {isa = PBXBuildFile; fileRef = 0B890FB62B59979F009C7FA6 /* UserDefaultManager.swift */; };
		0B890FBD2B599F1C009C7FA6 /* ScoreCardView.swift in Sources */ = {isa = PBXBuildFile; fileRef = 0B890FBC2B599F1C009C7FA6 /* ScoreCardView.swift */; };
		0B890FC02B599F7F009C7FA6 /* CustomButton.swift in Sources */ = {isa = PBXBuildFile; fileRef = 0B890FBF2B599F7F009C7FA6 /* CustomButton.swift */; };
		0BA1B09D2B6356E200603888 /* FullScreenControlView.swift in Sources */ = {isa = PBXBuildFile; fileRef = 0BA1B09C2B6356E200603888 /* FullScreenControlView.swift */; };
		0BA1B09F2B635A6B00603888 /* Models.swift in Sources */ = {isa = PBXBuildFile; fileRef = 0BA1B09E2B635A6B00603888 /* Models.swift */; };
		0BA96D212B696650009587AC /* testFullScreenQuiz.swift in Sources */ = {isa = PBXBuildFile; fileRef = 0BA96D202B696650009587AC /* testFullScreenQuiz.swift */; };
		0BB0F3602B64432400BA0997 /* InteractionVisualizer.swift in Sources */ = {isa = PBXBuildFile; fileRef = 0BB0F35F2B64432400BA0997 /* InteractionVisualizer.swift */; };
		0BCC5CEF2B617B3E00F36534 /* Test.swift in Sources */ = {isa = PBXBuildFile; fileRef = 0BCC5CEE2B617B3E00F36534 /* Test.swift */; };
		0BE2D57E2B6038FE00FD8E49 /* SpeechManager.swift in Sources */ = {isa = PBXBuildFile; fileRef = 0BE2D57D2B6038FE00FD8E49 /* SpeechManager.swift */; };
		0BE31FB92B6AC13D007494EE /* MiniPlayerControls.swift in Sources */ = {isa = PBXBuildFile; fileRef = 0BE31FB82B6AC13D007494EE /* MiniPlayerControls.swift */; };
		0BE31FBD2B6AC5D8007494EE /* ExamList.swift in Sources */ = {isa = PBXBuildFile; fileRef = 0BE31FBC2B6AC5D8007494EE /* ExamList.swift */; };
		0BE31FBF2B6AC6B3007494EE /* Exam.swift in Sources */ = {isa = PBXBuildFile; fileRef = 0BE31FBE2B6AC6B3007494EE /* Exam.swift */; };
		0BEEA8072B648C3300AE69C0 /* QuizPlayerExtensions.swift in Sources */ = {isa = PBXBuildFile; fileRef = 0BEEA8062B648C3300AE69C0 /* QuizPlayerExtensions.swift */; };
		0BFC95872B5A34690063787E /* Helpers.swift in Sources */ = {isa = PBXBuildFile; fileRef = 0BFC95862B5A34690063787E /* Helpers.swift */; };
		0BFC95892B5A404D0063787E /* FeaturedItem.swift in Sources */ = {isa = PBXBuildFile; fileRef = 0BFC95882B5A404D0063787E /* FeaturedItem.swift */; };
/* End PBXBuildFile section */

/* Begin PBXContainerItemProxy section */
		0B890F642B596D64009C7FA6 /* PBXContainerItemProxy */ = {
			isa = PBXContainerItemProxy;
			containerPortal = 0B890F492B596D61009C7FA6 /* Project object */;
			proxyType = 1;
			remoteGlobalIDString = 0B890F502B596D61009C7FA6;
			remoteInfo = "AUdio Quiz Beta";
		};
		0B890F6E2B596D64009C7FA6 /* PBXContainerItemProxy */ = {
			isa = PBXContainerItemProxy;
			containerPortal = 0B890F492B596D61009C7FA6 /* Project object */;
			proxyType = 1;
			remoteGlobalIDString = 0B890F502B596D61009C7FA6;
			remoteInfo = "AUdio Quiz Beta";
		};
/* End PBXContainerItemProxy section */

/* Begin PBXFileReference section */
		0B1595162B5CC6850065B5E8 /* QuizPlayerModels.swift */ = {isa = PBXFileReference; lastKnownFileType = sourcecode.swift; path = QuizPlayerModels.swift; sourceTree = "<group>"; };
		0B5C68452B6A092F0062807A /* QuizView.swift */ = {isa = PBXFileReference; lastKnownFileType = sourcecode.swift; path = QuizView.swift; sourceTree = "<group>"; };
		0B61C7082B5E9A5A00F3E088 /* QuizPlayer.swift */ = {isa = PBXFileReference; lastKnownFileType = sourcecode.swift; path = QuizPlayer.swift; sourceTree = "<group>"; };
		0B6C60322B6C2D3700AF3E27 /* FeaturedItems.swift */ = {isa = PBXFileReference; lastKnownFileType = sourcecode.swift; path = FeaturedItems.swift; sourceTree = "<group>"; };
		0B890F512B596D61009C7FA6 /* AUdio Quiz Beta.app */ = {isa = PBXFileReference; explicitFileType = wrapper.application; includeInIndex = 0; path = "AUdio Quiz Beta.app"; sourceTree = BUILT_PRODUCTS_DIR; };
		0B890F542B596D61009C7FA6 /* AUdio_Quiz_BetaApp.swift */ = {isa = PBXFileReference; lastKnownFileType = sourcecode.swift; path = AUdio_Quiz_BetaApp.swift; sourceTree = "<group>"; };
		0B890F562B596D61009C7FA6 /* ContentView.swift */ = {isa = PBXFileReference; lastKnownFileType = sourcecode.swift; path = ContentView.swift; sourceTree = "<group>"; };
		0B890F5A2B596D63009C7FA6 /* Assets.xcassets */ = {isa = PBXFileReference; lastKnownFileType = folder.assetcatalog; path = Assets.xcassets; sourceTree = "<group>"; };
		0B890F5D2B596D63009C7FA6 /* Preview Assets.xcassets */ = {isa = PBXFileReference; lastKnownFileType = folder.assetcatalog; path = "Preview Assets.xcassets"; sourceTree = "<group>"; };
		0B890F632B596D64009C7FA6 /* AUdio Quiz BetaTests.xctest */ = {isa = PBXFileReference; explicitFileType = wrapper.cfbundle; includeInIndex = 0; path = "AUdio Quiz BetaTests.xctest"; sourceTree = BUILT_PRODUCTS_DIR; };
		0B890F672B596D64009C7FA6 /* AUdio_Quiz_BetaTests.swift */ = {isa = PBXFileReference; lastKnownFileType = sourcecode.swift; path = AUdio_Quiz_BetaTests.swift; sourceTree = "<group>"; };
		0B890F6D2B596D64009C7FA6 /* AUdio Quiz BetaUITests.xctest */ = {isa = PBXFileReference; explicitFileType = wrapper.cfbundle; includeInIndex = 0; path = "AUdio Quiz BetaUITests.xctest"; sourceTree = BUILT_PRODUCTS_DIR; };
		0B890F712B596D64009C7FA6 /* AUdio_Quiz_BetaUITests.swift */ = {isa = PBXFileReference; lastKnownFileType = sourcecode.swift; path = AUdio_Quiz_BetaUITests.swift; sourceTree = "<group>"; };
		0B890F732B596D64009C7FA6 /* AUdio_Quiz_BetaUITestsLaunchTests.swift */ = {isa = PBXFileReference; lastKnownFileType = sourcecode.swift; path = AUdio_Quiz_BetaUITestsLaunchTests.swift; sourceTree = "<group>"; };
		0B890F802B596F5A009C7FA6 /* PlayerContentInfo.swift */ = {isa = PBXFileReference; fileEncoding = 4; lastKnownFileType = sourcecode.swift; path = PlayerContentInfo.swift; sourceTree = "<group>"; };
		0B890F882B596F7F009C7FA6 /* Extensions.swift */ = {isa = PBXFileReference; fileEncoding = 4; lastKnownFileType = sourcecode.swift; path = Extensions.swift; sourceTree = "<group>"; };
		0B890F8D2B596F94009C7FA6 /* LaunchScreen.swift */ = {isa = PBXFileReference; fileEncoding = 4; lastKnownFileType = sourcecode.swift; path = LaunchScreen.swift; sourceTree = "<group>"; };
		0B890F942B596FB6009C7FA6 /* HomeView.swift */ = {isa = PBXFileReference; fileEncoding = 4; lastKnownFileType = sourcecode.swift; path = HomeView.swift; sourceTree = "<group>"; };
		0B890F992B59739C009C7FA6 /* NetworkService.swift */ = {isa = PBXFileReference; fileEncoding = 4; lastKnownFileType = sourcecode.swift; path = NetworkService.swift; sourceTree = "<group>"; };
		0B890F9F2B597520009C7FA6 /* SwiftData.swift */ = {isa = PBXFileReference; lastKnownFileType = sourcecode.swift; path = SwiftData.swift; sourceTree = "<group>"; };
		0B890FA12B5975D1009C7FA6 /* DatabaseService.swift */ = {isa = PBXFileReference; lastKnownFileType = sourcecode.swift; path = DatabaseService.swift; sourceTree = "<group>"; };
		0B890FA42B59773D009C7FA6 /* TopicNotes.swift */ = {isa = PBXFileReference; lastKnownFileType = sourcecode.swift; path = TopicNotes.swift; sourceTree = "<group>"; };
		0B890FA92B5978AD009C7FA6 /* TopicsListView.swift */ = {isa = PBXFileReference; lastKnownFileType = sourcecode.swift; path = TopicsListView.swift; sourceTree = "<group>"; };
		0B890FAB2B597A56009C7FA6 /* TopicDetailsView.swift */ = {isa = PBXFileReference; lastKnownFileType = sourcecode.swift; path = TopicDetailsView.swift; sourceTree = "<group>"; };
		0B890FB22B5990DD009C7FA6 /* DebugLogger.swift */ = {isa = PBXFileReference; lastKnownFileType = sourcecode.swift; path = DebugLogger.swift; sourceTree = "<group>"; };
		0B890FB42B5996C7009C7FA6 /* Config.swift */ = {isa = PBXFileReference; lastKnownFileType = sourcecode.swift; path = Config.swift; sourceTree = "<group>"; };
		0B890FB62B59979F009C7FA6 /* UserDefaultManager.swift */ = {isa = PBXFileReference; lastKnownFileType = sourcecode.swift; path = UserDefaultManager.swift; sourceTree = "<group>"; };
		0B890FBC2B599F1C009C7FA6 /* ScoreCardView.swift */ = {isa = PBXFileReference; lastKnownFileType = sourcecode.swift; path = ScoreCardView.swift; sourceTree = "<group>"; };
		0B890FBF2B599F7F009C7FA6 /* CustomButton.swift */ = {isa = PBXFileReference; lastKnownFileType = sourcecode.swift; path = CustomButton.swift; sourceTree = "<group>"; };
		0BA1B09C2B6356E200603888 /* FullScreenControlView.swift */ = {isa = PBXFileReference; lastKnownFileType = sourcecode.swift; path = FullScreenControlView.swift; sourceTree = "<group>"; };
		0BA1B09E2B635A6B00603888 /* Models.swift */ = {isa = PBXFileReference; lastKnownFileType = sourcecode.swift; path = Models.swift; sourceTree = "<group>"; };
		0BA96D202B696650009587AC /* testFullScreenQuiz.swift */ = {isa = PBXFileReference; lastKnownFileType = sourcecode.swift; path = testFullScreenQuiz.swift; sourceTree = "<group>"; };
		0BB0F35F2B64432400BA0997 /* InteractionVisualizer.swift */ = {isa = PBXFileReference; lastKnownFileType = sourcecode.swift; path = InteractionVisualizer.swift; sourceTree = "<group>"; };
		0BCC5CEE2B617B3E00F36534 /* Test.swift */ = {isa = PBXFileReference; lastKnownFileType = sourcecode.swift; path = Test.swift; sourceTree = "<group>"; };
		0BE2D57D2B6038FE00FD8E49 /* SpeechManager.swift */ = {isa = PBXFileReference; lastKnownFileType = sourcecode.swift; path = SpeechManager.swift; sourceTree = "<group>"; };
		0BE31FB82B6AC13D007494EE /* MiniPlayerControls.swift */ = {isa = PBXFileReference; lastKnownFileType = sourcecode.swift; path = MiniPlayerControls.swift; sourceTree = "<group>"; };
		0BE31FBC2B6AC5D8007494EE /* ExamList.swift */ = {isa = PBXFileReference; lastKnownFileType = sourcecode.swift; path = ExamList.swift; sourceTree = "<group>"; };
		0BE31FBE2B6AC6B3007494EE /* Exam.swift */ = {isa = PBXFileReference; lastKnownFileType = sourcecode.swift; path = Exam.swift; sourceTree = "<group>"; };
		0BEEA8062B648C3300AE69C0 /* QuizPlayerExtensions.swift */ = {isa = PBXFileReference; lastKnownFileType = sourcecode.swift; path = QuizPlayerExtensions.swift; sourceTree = "<group>"; };
		0BFC95862B5A34690063787E /* Helpers.swift */ = {isa = PBXFileReference; lastKnownFileType = sourcecode.swift; path = Helpers.swift; sourceTree = "<group>"; };
		0BFC95882B5A404D0063787E /* FeaturedItem.swift */ = {isa = PBXFileReference; lastKnownFileType = sourcecode.swift; path = FeaturedItem.swift; sourceTree = "<group>"; };
/* End PBXFileReference section */

/* Begin PBXFrameworksBuildPhase section */
		0B890F4E2B596D61009C7FA6 /* Frameworks */ = {
			isa = PBXFrameworksBuildPhase;
			buildActionMask = 2147483647;
			files = (
			);
			runOnlyForDeploymentPostprocessing = 0;
		};
		0B890F602B596D64009C7FA6 /* Frameworks */ = {
			isa = PBXFrameworksBuildPhase;
			buildActionMask = 2147483647;
			files = (
			);
			runOnlyForDeploymentPostprocessing = 0;
		};
		0B890F6A2B596D64009C7FA6 /* Frameworks */ = {
			isa = PBXFrameworksBuildPhase;
			buildActionMask = 2147483647;
			files = (
			);
			runOnlyForDeploymentPostprocessing = 0;
		};
/* End PBXFrameworksBuildPhase section */

/* Begin PBXGroup section */
		0B1595152B5CC66A0065B5E8 /* Models */ = {
			isa = PBXGroup;
			children = (
				0B1595162B5CC6850065B5E8 /* QuizPlayerModels.swift */,
				0BA1B09E2B635A6B00603888 /* Models.swift */,
			);
			name = Models;
			sourceTree = "<group>";
		};
		0B6C60312B6C2D1A00AF3E27 /* User */ = {
			isa = PBXGroup;
			children = (
				0B6C60322B6C2D3700AF3E27 /* FeaturedItems.swift */,
			);
			name = User;
			sourceTree = "<group>";
		};
		0B890F482B596D61009C7FA6 = {
			isa = PBXGroup;
			children = (
				0B890F532B596D61009C7FA6 /* AUdio Quiz Beta */,
				0B890F662B596D64009C7FA6 /* AUdio Quiz BetaTests */,
				0B890F702B596D64009C7FA6 /* AUdio Quiz BetaUITests */,
				0B890F522B596D61009C7FA6 /* Products */,
			);
			sourceTree = "<group>";
		};
		0B890F522B596D61009C7FA6 /* Products */ = {
			isa = PBXGroup;
			children = (
				0B890F512B596D61009C7FA6 /* AUdio Quiz Beta.app */,
				0B890F632B596D64009C7FA6 /* AUdio Quiz BetaTests.xctest */,
				0B890F6D2B596D64009C7FA6 /* AUdio Quiz BetaUITests.xctest */,
			);
			name = Products;
			sourceTree = "<group>";
		};
		0B890F532B596D61009C7FA6 /* AUdio Quiz Beta */ = {
			isa = PBXGroup;
			children = (
				0B890F542B596D61009C7FA6 /* AUdio_Quiz_BetaApp.swift */,
				0B890F562B596D61009C7FA6 /* ContentView.swift */,
				0B6C60312B6C2D1A00AF3E27 /* User */,
				0B890FB12B597CAF009C7FA6 /* Utils */,
				0B890FAE2B597C7B009C7FA6 /* Managers */,
				0B890FA32B597709009C7FA6 /* Views */,
				0B890F9E2B5974F4009C7FA6 /* Models */,
				0B890F5A2B596D63009C7FA6 /* Assets.xcassets */,
				0B890F5C2B596D63009C7FA6 /* Preview Content */,
			);
			path = "AUdio Quiz Beta";
			sourceTree = "<group>";
		};
		0B890F5C2B596D63009C7FA6 /* Preview Content */ = {
			isa = PBXGroup;
			children = (
				0B890F5D2B596D63009C7FA6 /* Preview Assets.xcassets */,
			);
			path = "Preview Content";
			sourceTree = "<group>";
		};
		0B890F662B596D64009C7FA6 /* AUdio Quiz BetaTests */ = {
			isa = PBXGroup;
			children = (
				0B890F672B596D64009C7FA6 /* AUdio_Quiz_BetaTests.swift */,
			);
			path = "AUdio Quiz BetaTests";
			sourceTree = "<group>";
		};
		0B890F702B596D64009C7FA6 /* AUdio Quiz BetaUITests */ = {
			isa = PBXGroup;
			children = (
				0B890F712B596D64009C7FA6 /* AUdio_Quiz_BetaUITests.swift */,
				0B890F732B596D64009C7FA6 /* AUdio_Quiz_BetaUITestsLaunchTests.swift */,
			);
			path = "AUdio Quiz BetaUITests";
			sourceTree = "<group>";
		};
		0B890F9E2B5974F4009C7FA6 /* Models */ = {
			isa = PBXGroup;
			children = (
				0B890F9F2B597520009C7FA6 /* SwiftData.swift */,
			);
			name = Models;
			sourceTree = "<group>";
		};
		0B890FA32B597709009C7FA6 /* Views */ = {
			isa = PBXGroup;
			children = (
				0B890FBE2B599F41009C7FA6 /* ComponentViews */,
				0B890FBB2B599EFE009C7FA6 /* SubViews */,
				0B890FAD2B597BDF009C7FA6 /* QuizPlayer */,
				0B890FB82B599AD4009C7FA6 /* Exams */,
				0B890FA82B59788A009C7FA6 /* Topics */,
				0B890F8D2B596F94009C7FA6 /* LaunchScreen.swift */,
				0B890F942B596FB6009C7FA6 /* HomeView.swift */,
			);
			name = Views;
			sourceTree = "<group>";
		};
		0B890FA82B59788A009C7FA6 /* Topics */ = {
			isa = PBXGroup;
			children = (
				0B890FA42B59773D009C7FA6 /* TopicNotes.swift */,
				0B890FA92B5978AD009C7FA6 /* TopicsListView.swift */,
				0B890FAB2B597A56009C7FA6 /* TopicDetailsView.swift */,
			);
			name = Topics;
			sourceTree = "<group>";
		};
		0B890FAD2B597BDF009C7FA6 /* QuizPlayer */ = {
			isa = PBXGroup;
			children = (
				0B61C7082B5E9A5A00F3E088 /* QuizPlayer.swift */,
				0BEEA8062B648C3300AE69C0 /* QuizPlayerExtensions.swift */,
				0BE31FB72B6AC060007494EE /* Managers */,
				0BA1B0992B63555300603888 /* PlayerControlViews */,
				0B1595152B5CC66A0065B5E8 /* Models */,
				0BA96D202B696650009587AC /* testFullScreenQuiz.swift */,
				0BCC5CEE2B617B3E00F36534 /* Test.swift */,
			);
			name = QuizPlayer;
			sourceTree = "<group>";
		};
		0B890FAE2B597C7B009C7FA6 /* Managers */ = {
			isa = PBXGroup;
			children = (
				0B890FB02B597C9A009C7FA6 /* Database */,
				0B890FAF2B597C89009C7FA6 /* Network */,
			);
			name = Managers;
			sourceTree = "<group>";
		};
		0B890FAF2B597C89009C7FA6 /* Network */ = {
			isa = PBXGroup;
			children = (
				0B890F992B59739C009C7FA6 /* NetworkService.swift */,
			);
			name = Network;
			sourceTree = "<group>";
		};
		0B890FB02B597C9A009C7FA6 /* Database */ = {
			isa = PBXGroup;
			children = (
				0B890FA12B5975D1009C7FA6 /* DatabaseService.swift */,
			);
			name = Database;
			sourceTree = "<group>";
		};
		0B890FB12B597CAF009C7FA6 /* Utils */ = {
			isa = PBXGroup;
			children = (
				0B890F882B596F7F009C7FA6 /* Extensions.swift */,
				0B890FB22B5990DD009C7FA6 /* DebugLogger.swift */,
				0B890FB42B5996C7009C7FA6 /* Config.swift */,
				0B890FB62B59979F009C7FA6 /* UserDefaultManager.swift */,
				0BFC95862B5A34690063787E /* Helpers.swift */,
			);
			name = Utils;
			sourceTree = "<group>";
		};
		0B890FB82B599AD4009C7FA6 /* Exams */ = {
			isa = PBXGroup;
			children = (
				0BE31FBC2B6AC5D8007494EE /* ExamList.swift */,
				0BE31FBE2B6AC6B3007494EE /* Exam.swift */,
			);
			name = Exams;
			sourceTree = "<group>";
		};
		0B890FBB2B599EFE009C7FA6 /* SubViews */ = {
			isa = PBXGroup;
			children = (
				0B890FBC2B599F1C009C7FA6 /* ScoreCardView.swift */,
			);
			name = SubViews;
			sourceTree = "<group>";
		};
		0B890FBE2B599F41009C7FA6 /* ComponentViews */ = {
			isa = PBXGroup;
			children = (
				0B890FBF2B599F7F009C7FA6 /* CustomButton.swift */,
				0BFC95882B5A404D0063787E /* FeaturedItem.swift */,
			);
			name = ComponentViews;
			sourceTree = "<group>";
		};
		0BA1B0992B63555300603888 /* PlayerControlViews */ = {
			isa = PBXGroup;
			children = (
				0BE31FBB2B6AC267007494EE /* Views */,
				0BE31FBA2B6AC16C007494EE /* Controls */,
			);
			name = PlayerControlViews;
			sourceTree = "<group>";
		};
		0BE31FB72B6AC060007494EE /* Managers */ = {
			isa = PBXGroup;
			children = (
				0BE2D57D2B6038FE00FD8E49 /* SpeechManager.swift */,
			);
			name = Managers;
			sourceTree = "<group>";
		};
		0BE31FBA2B6AC16C007494EE /* Controls */ = {
			isa = PBXGroup;
			children = (
				0BB0F35F2B64432400BA0997 /* InteractionVisualizer.swift */,
				0BE31FB82B6AC13D007494EE /* MiniPlayerControls.swift */,
				0BA1B09C2B6356E200603888 /* FullScreenControlView.swift */,
			);
			name = Controls;
			sourceTree = "<group>";
		};
		0BE31FBB2B6AC267007494EE /* Views */ = {
			isa = PBXGroup;
			children = (
				0B5C68452B6A092F0062807A /* QuizView.swift */,
				0B890F802B596F5A009C7FA6 /* PlayerContentInfo.swift */,
			);
			name = Views;
			sourceTree = "<group>";
		};
/* End PBXGroup section */

/* Begin PBXNativeTarget section */
		0B890F502B596D61009C7FA6 /* AUdio Quiz Beta */ = {
			isa = PBXNativeTarget;
			buildConfigurationList = 0B890F772B596D64009C7FA6 /* Build configuration list for PBXNativeTarget "AUdio Quiz Beta" */;
			buildPhases = (
				0B890F4D2B596D61009C7FA6 /* Sources */,
				0B890F4E2B596D61009C7FA6 /* Frameworks */,
				0B890F4F2B596D61009C7FA6 /* Resources */,
			);
			buildRules = (
			);
			dependencies = (
			);
			name = "AUdio Quiz Beta";
			productName = "AUdio Quiz Beta";
			productReference = 0B890F512B596D61009C7FA6 /* AUdio Quiz Beta.app */;
			productType = "com.apple.product-type.application";
		};
		0B890F622B596D64009C7FA6 /* AUdio Quiz BetaTests */ = {
			isa = PBXNativeTarget;
			buildConfigurationList = 0B890F7A2B596D64009C7FA6 /* Build configuration list for PBXNativeTarget "AUdio Quiz BetaTests" */;
			buildPhases = (
				0B890F5F2B596D64009C7FA6 /* Sources */,
				0B890F602B596D64009C7FA6 /* Frameworks */,
				0B890F612B596D64009C7FA6 /* Resources */,
			);
			buildRules = (
			);
			dependencies = (
				0B890F652B596D64009C7FA6 /* PBXTargetDependency */,
			);
			name = "AUdio Quiz BetaTests";
			productName = "AUdio Quiz BetaTests";
			productReference = 0B890F632B596D64009C7FA6 /* AUdio Quiz BetaTests.xctest */;
			productType = "com.apple.product-type.bundle.unit-test";
		};
		0B890F6C2B596D64009C7FA6 /* AUdio Quiz BetaUITests */ = {
			isa = PBXNativeTarget;
			buildConfigurationList = 0B890F7D2B596D64009C7FA6 /* Build configuration list for PBXNativeTarget "AUdio Quiz BetaUITests" */;
			buildPhases = (
				0B890F692B596D64009C7FA6 /* Sources */,
				0B890F6A2B596D64009C7FA6 /* Frameworks */,
				0B890F6B2B596D64009C7FA6 /* Resources */,
			);
			buildRules = (
			);
			dependencies = (
				0B890F6F2B596D64009C7FA6 /* PBXTargetDependency */,
			);
			name = "AUdio Quiz BetaUITests";
			productName = "AUdio Quiz BetaUITests";
			productReference = 0B890F6D2B596D64009C7FA6 /* AUdio Quiz BetaUITests.xctest */;
			productType = "com.apple.product-type.bundle.ui-testing";
		};
/* End PBXNativeTarget section */

/* Begin PBXProject section */
		0B890F492B596D61009C7FA6 /* Project object */ = {
			isa = PBXProject;
			attributes = {
				BuildIndependentTargetsInParallel = 1;
				LastSwiftUpdateCheck = 1510;
				LastUpgradeCheck = 1510;
				TargetAttributes = {
					0B890F502B596D61009C7FA6 = {
						CreatedOnToolsVersion = 15.1;
					};
					0B890F622B596D64009C7FA6 = {
						CreatedOnToolsVersion = 15.1;
						TestTargetID = 0B890F502B596D61009C7FA6;
					};
					0B890F6C2B596D64009C7FA6 = {
						CreatedOnToolsVersion = 15.1;
						TestTargetID = 0B890F502B596D61009C7FA6;
					};
				};
			};
			buildConfigurationList = 0B890F4C2B596D61009C7FA6 /* Build configuration list for PBXProject "AUdio Quiz Beta" */;
			compatibilityVersion = "Xcode 14.0";
			developmentRegion = en;
			hasScannedForEncodings = 0;
			knownRegions = (
				en,
				Base,
			);
			mainGroup = 0B890F482B596D61009C7FA6;
			productRefGroup = 0B890F522B596D61009C7FA6 /* Products */;
			projectDirPath = "";
			projectRoot = "";
			targets = (
				0B890F502B596D61009C7FA6 /* AUdio Quiz Beta */,
				0B890F622B596D64009C7FA6 /* AUdio Quiz BetaTests */,
				0B890F6C2B596D64009C7FA6 /* AUdio Quiz BetaUITests */,
			);
		};
/* End PBXProject section */

/* Begin PBXResourcesBuildPhase section */
		0B890F4F2B596D61009C7FA6 /* Resources */ = {
			isa = PBXResourcesBuildPhase;
			buildActionMask = 2147483647;
			files = (
				0B890F5E2B596D63009C7FA6 /* Preview Assets.xcassets in Resources */,
				0B890F5B2B596D63009C7FA6 /* Assets.xcassets in Resources */,
			);
			runOnlyForDeploymentPostprocessing = 0;
		};
		0B890F612B596D64009C7FA6 /* Resources */ = {
			isa = PBXResourcesBuildPhase;
			buildActionMask = 2147483647;
			files = (
			);
			runOnlyForDeploymentPostprocessing = 0;
		};
		0B890F6B2B596D64009C7FA6 /* Resources */ = {
			isa = PBXResourcesBuildPhase;
			buildActionMask = 2147483647;
			files = (
			);
			runOnlyForDeploymentPostprocessing = 0;
		};
/* End PBXResourcesBuildPhase section */

/* Begin PBXSourcesBuildPhase section */
		0B890F4D2B596D61009C7FA6 /* Sources */ = {
			isa = PBXSourcesBuildPhase;
			buildActionMask = 2147483647;
			files = (
				0BA96D212B696650009587AC /* testFullScreenQuiz.swift in Sources */,
				0B890FAA2B5978AD009C7FA6 /* TopicsListView.swift in Sources */,
				0BEEA8072B648C3300AE69C0 /* QuizPlayerExtensions.swift in Sources */,
				0BFC95892B5A404D0063787E /* FeaturedItem.swift in Sources */,
				0B890FC02B599F7F009C7FA6 /* CustomButton.swift in Sources */,
				0BCC5CEF2B617B3E00F36534 /* Test.swift in Sources */,
				0B890FB32B5990DD009C7FA6 /* DebugLogger.swift in Sources */,
				0B5C68462B6A092F0062807A /* QuizView.swift in Sources */,
				0B890FB72B59979F009C7FA6 /* UserDefaultManager.swift in Sources */,
				0B890FB52B5996C7009C7FA6 /* Config.swift in Sources */,
				0B890F912B596F94009C7FA6 /* LaunchScreen.swift in Sources */,
				0BA1B09D2B6356E200603888 /* FullScreenControlView.swift in Sources */,
				0B890F892B596F7F009C7FA6 /* Extensions.swift in Sources */,
				0B890F572B596D61009C7FA6 /* ContentView.swift in Sources */,
				0BE31FBF2B6AC6B3007494EE /* Exam.swift in Sources */,
				0B61C7092B5E9A5A00F3E088 /* QuizPlayer.swift in Sources */,
				0B890F552B596D61009C7FA6 /* AUdio_Quiz_BetaApp.swift in Sources */,
				0BE2D57E2B6038FE00FD8E49 /* SpeechManager.swift in Sources */,
				0B890F9A2B59739C009C7FA6 /* NetworkService.swift in Sources */,
				0B1595172B5CC6850065B5E8 /* QuizPlayerModels.swift in Sources */,
				0BE31FB92B6AC13D007494EE /* MiniPlayerControls.swift in Sources */,
				0B6C60332B6C2D3700AF3E27 /* FeaturedItems.swift in Sources */,
				0B890FA22B5975D1009C7FA6 /* DatabaseService.swift in Sources */,
				0B890F952B596FB6009C7FA6 /* HomeView.swift in Sources */,
				0B890FA02B597520009C7FA6 /* SwiftData.swift in Sources */,
				0B890FA52B59773D009C7FA6 /* TopicNotes.swift in Sources */,
				0BFC95872B5A34690063787E /* Helpers.swift in Sources */,
				0B890FAC2B597A56009C7FA6 /* TopicDetailsView.swift in Sources */,
				0BE31FBD2B6AC5D8007494EE /* ExamList.swift in Sources */,
				0B890F812B596F5A009C7FA6 /* PlayerContentInfo.swift in Sources */,
				0BB0F3602B64432400BA0997 /* InteractionVisualizer.swift in Sources */,
				0B890FBD2B599F1C009C7FA6 /* ScoreCardView.swift in Sources */,
				0BA1B09F2B635A6B00603888 /* Models.swift in Sources */,
			);
			runOnlyForDeploymentPostprocessing = 0;
		};
		0B890F5F2B596D64009C7FA6 /* Sources */ = {
			isa = PBXSourcesBuildPhase;
			buildActionMask = 2147483647;
			files = (
				0B890F962B596FB6009C7FA6 /* HomeView.swift in Sources */,
				0B890F9B2B59739C009C7FA6 /* NetworkService.swift in Sources */,
				0B890F922B596F94009C7FA6 /* LaunchScreen.swift in Sources */,
				0B890F682B596D64009C7FA6 /* AUdio_Quiz_BetaTests.swift in Sources */,
				0B890F8A2B596F7F009C7FA6 /* Extensions.swift in Sources */,
			);
			runOnlyForDeploymentPostprocessing = 0;
		};
		0B890F692B596D64009C7FA6 /* Sources */ = {
			isa = PBXSourcesBuildPhase;
			buildActionMask = 2147483647;
			files = (
				0B890F932B596F94009C7FA6 /* LaunchScreen.swift in Sources */,
				0B890F8B2B596F7F009C7FA6 /* Extensions.swift in Sources */,
				0B890F742B596D64009C7FA6 /* AUdio_Quiz_BetaUITestsLaunchTests.swift in Sources */,
				0B890F722B596D64009C7FA6 /* AUdio_Quiz_BetaUITests.swift in Sources */,
				0B890F972B596FB6009C7FA6 /* HomeView.swift in Sources */,
			);
			runOnlyForDeploymentPostprocessing = 0;
		};
/* End PBXSourcesBuildPhase section */

/* Begin PBXTargetDependency section */
		0B890F652B596D64009C7FA6 /* PBXTargetDependency */ = {
			isa = PBXTargetDependency;
			target = 0B890F502B596D61009C7FA6 /* AUdio Quiz Beta */;
			targetProxy = 0B890F642B596D64009C7FA6 /* PBXContainerItemProxy */;
		};
		0B890F6F2B596D64009C7FA6 /* PBXTargetDependency */ = {
			isa = PBXTargetDependency;
			target = 0B890F502B596D61009C7FA6 /* AUdio Quiz Beta */;
			targetProxy = 0B890F6E2B596D64009C7FA6 /* PBXContainerItemProxy */;
		};
/* End PBXTargetDependency section */

/* Begin XCBuildConfiguration section */
		0B890F752B596D64009C7FA6 /* Debug */ = {
			isa = XCBuildConfiguration;
			buildSettings = {
				ALWAYS_SEARCH_USER_PATHS = NO;
				ASSETCATALOG_COMPILER_GENERATE_SWIFT_ASSET_SYMBOL_EXTENSIONS = YES;
				CLANG_ANALYZER_NONNULL = YES;
				CLANG_ANALYZER_NUMBER_OBJECT_CONVERSION = YES_AGGRESSIVE;
				CLANG_CXX_LANGUAGE_STANDARD = "gnu++20";
				CLANG_ENABLE_MODULES = YES;
				CLANG_ENABLE_OBJC_ARC = YES;
				CLANG_ENABLE_OBJC_WEAK = YES;
				CLANG_WARN_BLOCK_CAPTURE_AUTORELEASING = YES;
				CLANG_WARN_BOOL_CONVERSION = YES;
				CLANG_WARN_COMMA = YES;
				CLANG_WARN_CONSTANT_CONVERSION = YES;
				CLANG_WARN_DEPRECATED_OBJC_IMPLEMENTATIONS = YES;
				CLANG_WARN_DIRECT_OBJC_ISA_USAGE = YES_ERROR;
				CLANG_WARN_DOCUMENTATION_COMMENTS = YES;
				CLANG_WARN_EMPTY_BODY = YES;
				CLANG_WARN_ENUM_CONVERSION = YES;
				CLANG_WARN_INFINITE_RECURSION = YES;
				CLANG_WARN_INT_CONVERSION = YES;
				CLANG_WARN_NON_LITERAL_NULL_CONVERSION = YES;
				CLANG_WARN_OBJC_IMPLICIT_RETAIN_SELF = YES;
				CLANG_WARN_OBJC_LITERAL_CONVERSION = YES;
				CLANG_WARN_OBJC_ROOT_CLASS = YES_ERROR;
				CLANG_WARN_QUOTED_INCLUDE_IN_FRAMEWORK_HEADER = YES;
				CLANG_WARN_RANGE_LOOP_ANALYSIS = YES;
				CLANG_WARN_STRICT_PROTOTYPES = YES;
				CLANG_WARN_SUSPICIOUS_MOVE = YES;
				CLANG_WARN_UNGUARDED_AVAILABILITY = YES_AGGRESSIVE;
				CLANG_WARN_UNREACHABLE_CODE = YES;
				CLANG_WARN__DUPLICATE_METHOD_MATCH = YES;
				COPY_PHASE_STRIP = NO;
				DEBUG_INFORMATION_FORMAT = dwarf;
				ENABLE_STRICT_OBJC_MSGSEND = YES;
				ENABLE_TESTABILITY = YES;
				ENABLE_USER_SCRIPT_SANDBOXING = YES;
				GCC_C_LANGUAGE_STANDARD = gnu17;
				GCC_DYNAMIC_NO_PIC = NO;
				GCC_NO_COMMON_BLOCKS = YES;
				GCC_OPTIMIZATION_LEVEL = 0;
				GCC_PREPROCESSOR_DEFINITIONS = (
					"DEBUG=1",
					"$(inherited)",
				);
				GCC_WARN_64_TO_32_BIT_CONVERSION = YES;
				GCC_WARN_ABOUT_RETURN_TYPE = YES_ERROR;
				GCC_WARN_UNDECLARED_SELECTOR = YES;
				GCC_WARN_UNINITIALIZED_AUTOS = YES_AGGRESSIVE;
				GCC_WARN_UNUSED_FUNCTION = YES;
				GCC_WARN_UNUSED_VARIABLE = YES;
				IPHONEOS_DEPLOYMENT_TARGET = 17.2;
				LOCALIZATION_PREFERS_STRING_CATALOGS = YES;
				MTL_ENABLE_DEBUG_INFO = INCLUDE_SOURCE;
				MTL_FAST_MATH = YES;
				ONLY_ACTIVE_ARCH = YES;
				SDKROOT = iphoneos;
				SWIFT_ACTIVE_COMPILATION_CONDITIONS = "DEBUG $(inherited)";
				SWIFT_OPTIMIZATION_LEVEL = "-Onone";
			};
			name = Debug;
		};
		0B890F762B596D64009C7FA6 /* Release */ = {
			isa = XCBuildConfiguration;
			buildSettings = {
				ALWAYS_SEARCH_USER_PATHS = NO;
				ASSETCATALOG_COMPILER_GENERATE_SWIFT_ASSET_SYMBOL_EXTENSIONS = YES;
				CLANG_ANALYZER_NONNULL = YES;
				CLANG_ANALYZER_NUMBER_OBJECT_CONVERSION = YES_AGGRESSIVE;
				CLANG_CXX_LANGUAGE_STANDARD = "gnu++20";
				CLANG_ENABLE_MODULES = YES;
				CLANG_ENABLE_OBJC_ARC = YES;
				CLANG_ENABLE_OBJC_WEAK = YES;
				CLANG_WARN_BLOCK_CAPTURE_AUTORELEASING = YES;
				CLANG_WARN_BOOL_CONVERSION = YES;
				CLANG_WARN_COMMA = YES;
				CLANG_WARN_CONSTANT_CONVERSION = YES;
				CLANG_WARN_DEPRECATED_OBJC_IMPLEMENTATIONS = YES;
				CLANG_WARN_DIRECT_OBJC_ISA_USAGE = YES_ERROR;
				CLANG_WARN_DOCUMENTATION_COMMENTS = YES;
				CLANG_WARN_EMPTY_BODY = YES;
				CLANG_WARN_ENUM_CONVERSION = YES;
				CLANG_WARN_INFINITE_RECURSION = YES;
				CLANG_WARN_INT_CONVERSION = YES;
				CLANG_WARN_NON_LITERAL_NULL_CONVERSION = YES;
				CLANG_WARN_OBJC_IMPLICIT_RETAIN_SELF = YES;
				CLANG_WARN_OBJC_LITERAL_CONVERSION = YES;
				CLANG_WARN_OBJC_ROOT_CLASS = YES_ERROR;
				CLANG_WARN_QUOTED_INCLUDE_IN_FRAMEWORK_HEADER = YES;
				CLANG_WARN_RANGE_LOOP_ANALYSIS = YES;
				CLANG_WARN_STRICT_PROTOTYPES = YES;
				CLANG_WARN_SUSPICIOUS_MOVE = YES;
				CLANG_WARN_UNGUARDED_AVAILABILITY = YES_AGGRESSIVE;
				CLANG_WARN_UNREACHABLE_CODE = YES;
				CLANG_WARN__DUPLICATE_METHOD_MATCH = YES;
				COPY_PHASE_STRIP = NO;
				DEBUG_INFORMATION_FORMAT = "dwarf-with-dsym";
				ENABLE_NS_ASSERTIONS = NO;
				ENABLE_STRICT_OBJC_MSGSEND = YES;
				ENABLE_USER_SCRIPT_SANDBOXING = YES;
				GCC_C_LANGUAGE_STANDARD = gnu17;
				GCC_NO_COMMON_BLOCKS = YES;
				GCC_WARN_64_TO_32_BIT_CONVERSION = YES;
				GCC_WARN_ABOUT_RETURN_TYPE = YES_ERROR;
				GCC_WARN_UNDECLARED_SELECTOR = YES;
				GCC_WARN_UNINITIALIZED_AUTOS = YES_AGGRESSIVE;
				GCC_WARN_UNUSED_FUNCTION = YES;
				GCC_WARN_UNUSED_VARIABLE = YES;
				IPHONEOS_DEPLOYMENT_TARGET = 17.2;
				LOCALIZATION_PREFERS_STRING_CATALOGS = YES;
				MTL_ENABLE_DEBUG_INFO = NO;
				MTL_FAST_MATH = YES;
				SDKROOT = iphoneos;
				SWIFT_COMPILATION_MODE = wholemodule;
				VALIDATE_PRODUCT = YES;
			};
			name = Release;
		};
		0B890F782B596D64009C7FA6 /* Debug */ = {
			isa = XCBuildConfiguration;
			buildSettings = {
				ASSETCATALOG_COMPILER_APPICON_NAME = AppIcon;
				ASSETCATALOG_COMPILER_GLOBAL_ACCENT_COLOR_NAME = AccentColor;
				CODE_SIGN_STYLE = Automatic;
				CURRENT_PROJECT_VERSION = 1;
				DEVELOPMENT_ASSET_PATHS = "\"AUdio Quiz Beta/Preview Content\"";
				DEVELOPMENT_TEAM = VW5K99T4JJ;
				ENABLE_PREVIEWS = YES;
				GENERATE_INFOPLIST_FILE = YES;
				INFOPLIST_KEY_NSMicrophoneUsageDescription = "Audio Quiz needs to access your microphone to allow voiced answers";
				INFOPLIST_KEY_NSSpeechRecognitionUsageDescription = "Audio Quiz uses speech recognition to process answers";
				INFOPLIST_KEY_UIApplicationSceneManifest_Generation = YES;
				INFOPLIST_KEY_UIApplicationSupportsIndirectInputEvents = YES;
				INFOPLIST_KEY_UILaunchScreen_Generation = YES;
				INFOPLIST_KEY_UISupportedInterfaceOrientations_iPad = "UIInterfaceOrientationPortrait UIInterfaceOrientationPortraitUpsideDown UIInterfaceOrientationLandscapeLeft UIInterfaceOrientationLandscapeRight";
				INFOPLIST_KEY_UISupportedInterfaceOrientations_iPhone = "UIInterfaceOrientationPortrait UIInterfaceOrientationLandscapeLeft UIInterfaceOrientationLandscapeRight";
				LD_RUNPATH_SEARCH_PATHS = (
					"$(inherited)",
					"@executable_path/Frameworks",
				);
				MARKETING_VERSION = 1.0;
				PRODUCT_BUNDLE_IDENTIFIER = "-DOF-Creatives-Club.AUdio-Quiz-Beta";
				PRODUCT_NAME = "$(TARGET_NAME)";
				SWIFT_EMIT_LOC_STRINGS = YES;
				SWIFT_VERSION = 5.0;
				TARGETED_DEVICE_FAMILY = "1,2";
			};
			name = Debug;
		};
		0B890F792B596D64009C7FA6 /* Release */ = {
			isa = XCBuildConfiguration;
			buildSettings = {
				ASSETCATALOG_COMPILER_APPICON_NAME = AppIcon;
				ASSETCATALOG_COMPILER_GLOBAL_ACCENT_COLOR_NAME = AccentColor;
				CODE_SIGN_STYLE = Automatic;
				CURRENT_PROJECT_VERSION = 1;
				DEVELOPMENT_ASSET_PATHS = "\"AUdio Quiz Beta/Preview Content\"";
				DEVELOPMENT_TEAM = VW5K99T4JJ;
				ENABLE_PREVIEWS = YES;
				GENERATE_INFOPLIST_FILE = YES;
				INFOPLIST_KEY_NSMicrophoneUsageDescription = "Audio Quiz needs to access your microphone to allow voiced answers";
				INFOPLIST_KEY_NSSpeechRecognitionUsageDescription = "Audio Quiz uses speech recognition to process answers";
				INFOPLIST_KEY_UIApplicationSceneManifest_Generation = YES;
				INFOPLIST_KEY_UIApplicationSupportsIndirectInputEvents = YES;
				INFOPLIST_KEY_UILaunchScreen_Generation = YES;
				INFOPLIST_KEY_UISupportedInterfaceOrientations_iPad = "UIInterfaceOrientationPortrait UIInterfaceOrientationPortraitUpsideDown UIInterfaceOrientationLandscapeLeft UIInterfaceOrientationLandscapeRight";
				INFOPLIST_KEY_UISupportedInterfaceOrientations_iPhone = "UIInterfaceOrientationPortrait UIInterfaceOrientationLandscapeLeft UIInterfaceOrientationLandscapeRight";
				LD_RUNPATH_SEARCH_PATHS = (
					"$(inherited)",
					"@executable_path/Frameworks",
				);
				MARKETING_VERSION = 1.0;
				PRODUCT_BUNDLE_IDENTIFIER = "-DOF-Creatives-Club.AUdio-Quiz-Beta";
				PRODUCT_NAME = "$(TARGET_NAME)";
				SWIFT_EMIT_LOC_STRINGS = YES;
				SWIFT_VERSION = 5.0;
				TARGETED_DEVICE_FAMILY = "1,2";
			};
			name = Release;
		};
		0B890F7B2B596D64009C7FA6 /* Debug */ = {
			isa = XCBuildConfiguration;
			buildSettings = {
				ALWAYS_EMBED_SWIFT_STANDARD_LIBRARIES = YES;
				BUNDLE_LOADER = "$(TEST_HOST)";
				CODE_SIGN_STYLE = Automatic;
				CURRENT_PROJECT_VERSION = 1;
				DEVELOPMENT_TEAM = VW5K99T4JJ;
				GENERATE_INFOPLIST_FILE = YES;
				IPHONEOS_DEPLOYMENT_TARGET = 17.2;
				MARKETING_VERSION = 1.0;
				PRODUCT_BUNDLE_IDENTIFIER = "-DOF-Creatives-Club.AUdio-Quiz-BetaTests";
				PRODUCT_NAME = "$(TARGET_NAME)";
				SWIFT_EMIT_LOC_STRINGS = NO;
				SWIFT_VERSION = 5.0;
				TARGETED_DEVICE_FAMILY = "1,2";
				TEST_HOST = "$(BUILT_PRODUCTS_DIR)/AUdio Quiz Beta.app/$(BUNDLE_EXECUTABLE_FOLDER_PATH)/AUdio Quiz Beta";
			};
			name = Debug;
		};
		0B890F7C2B596D64009C7FA6 /* Release */ = {
			isa = XCBuildConfiguration;
			buildSettings = {
				ALWAYS_EMBED_SWIFT_STANDARD_LIBRARIES = YES;
				BUNDLE_LOADER = "$(TEST_HOST)";
				CODE_SIGN_STYLE = Automatic;
				CURRENT_PROJECT_VERSION = 1;
				DEVELOPMENT_TEAM = VW5K99T4JJ;
				GENERATE_INFOPLIST_FILE = YES;
				IPHONEOS_DEPLOYMENT_TARGET = 17.2;
				MARKETING_VERSION = 1.0;
				PRODUCT_BUNDLE_IDENTIFIER = "-DOF-Creatives-Club.AUdio-Quiz-BetaTests";
				PRODUCT_NAME = "$(TARGET_NAME)";
				SWIFT_EMIT_LOC_STRINGS = NO;
				SWIFT_VERSION = 5.0;
				TARGETED_DEVICE_FAMILY = "1,2";
				TEST_HOST = "$(BUILT_PRODUCTS_DIR)/AUdio Quiz Beta.app/$(BUNDLE_EXECUTABLE_FOLDER_PATH)/AUdio Quiz Beta";
			};
			name = Release;
		};
		0B890F7E2B596D64009C7FA6 /* Debug */ = {
			isa = XCBuildConfiguration;
			buildSettings = {
				ALWAYS_EMBED_SWIFT_STANDARD_LIBRARIES = YES;
				CODE_SIGN_STYLE = Automatic;
				CURRENT_PROJECT_VERSION = 1;
				DEVELOPMENT_TEAM = VW5K99T4JJ;
				GENERATE_INFOPLIST_FILE = YES;
				MARKETING_VERSION = 1.0;
				PRODUCT_BUNDLE_IDENTIFIER = "-DOF-Creatives-Club.AUdio-Quiz-BetaUITests";
				PRODUCT_NAME = "$(TARGET_NAME)";
				SWIFT_EMIT_LOC_STRINGS = NO;
				SWIFT_VERSION = 5.0;
				TARGETED_DEVICE_FAMILY = "1,2";
				TEST_TARGET_NAME = "AUdio Quiz Beta";
			};
			name = Debug;
		};
		0B890F7F2B596D64009C7FA6 /* Release */ = {
			isa = XCBuildConfiguration;
			buildSettings = {
				ALWAYS_EMBED_SWIFT_STANDARD_LIBRARIES = YES;
				CODE_SIGN_STYLE = Automatic;
				CURRENT_PROJECT_VERSION = 1;
				DEVELOPMENT_TEAM = VW5K99T4JJ;
				GENERATE_INFOPLIST_FILE = YES;
				MARKETING_VERSION = 1.0;
				PRODUCT_BUNDLE_IDENTIFIER = "-DOF-Creatives-Club.AUdio-Quiz-BetaUITests";
				PRODUCT_NAME = "$(TARGET_NAME)";
				SWIFT_EMIT_LOC_STRINGS = NO;
				SWIFT_VERSION = 5.0;
				TARGETED_DEVICE_FAMILY = "1,2";
				TEST_TARGET_NAME = "AUdio Quiz Beta";
			};
			name = Release;
		};
/* End XCBuildConfiguration section */

/* Begin XCConfigurationList section */
		0B890F4C2B596D61009C7FA6 /* Build configuration list for PBXProject "AUdio Quiz Beta" */ = {
			isa = XCConfigurationList;
			buildConfigurations = (
				0B890F752B596D64009C7FA6 /* Debug */,
				0B890F762B596D64009C7FA6 /* Release */,
			);
			defaultConfigurationIsVisible = 0;
			defaultConfigurationName = Release;
		};
		0B890F772B596D64009C7FA6 /* Build configuration list for PBXNativeTarget "AUdio Quiz Beta" */ = {
			isa = XCConfigurationList;
			buildConfigurations = (
				0B890F782B596D64009C7FA6 /* Debug */,
				0B890F792B596D64009C7FA6 /* Release */,
			);
			defaultConfigurationIsVisible = 0;
			defaultConfigurationName = Release;
		};
		0B890F7A2B596D64009C7FA6 /* Build configuration list for PBXNativeTarget "AUdio Quiz BetaTests" */ = {
			isa = XCConfigurationList;
			buildConfigurations = (
				0B890F7B2B596D64009C7FA6 /* Debug */,
				0B890F7C2B596D64009C7FA6 /* Release */,
			);
			defaultConfigurationIsVisible = 0;
			defaultConfigurationName = Release;
		};
		0B890F7D2B596D64009C7FA6 /* Build configuration list for PBXNativeTarget "AUdio Quiz BetaUITests" */ = {
			isa = XCConfigurationList;
			buildConfigurations = (
				0B890F7E2B596D64009C7FA6 /* Debug */,
				0B890F7F2B596D64009C7FA6 /* Release */,
			);
			defaultConfigurationIsVisible = 0;
			defaultConfigurationName = Release;
		};
/* End XCConfigurationList section */
	};
	rootObject = 0B890F492B596D61009C7FA6 /* Project object */;
}
